// !$*UTF8*$!
{
	archiveVersion = 1;
	classes = {
	};
	objectVersion = 50;
	objects = {

/* Begin PBXBuildFile section */
		EB7E973D2126BE9600EE9EBB /* AppDelegate.swift in Sources */ = {isa = PBXBuildFile; fileRef = EB7E973C2126BE9600EE9EBB /* AppDelegate.swift */; };
		EB7E973F2126BE9600EE9EBB /* ViewController.swift in Sources */ = {isa = PBXBuildFile; fileRef = EB7E973E2126BE9600EE9EBB /* ViewController.swift */; };
		EB7E97422126BE9600EE9EBB /* Main.storyboard in Resources */ = {isa = PBXBuildFile; fileRef = EB7E97402126BE9600EE9EBB /* Main.storyboard */; };
		EB7E97442126BE9700EE9EBB /* Assets.xcassets in Resources */ = {isa = PBXBuildFile; fileRef = EB7E97432126BE9700EE9EBB /* Assets.xcassets */; };
		EB7E97472126BE9700EE9EBB /* LaunchScreen.storyboard in Resources */ = {isa = PBXBuildFile; fileRef = EB7E97452126BE9700EE9EBB /* LaunchScreen.storyboard */; };
		EB7E97522126BE9700EE9EBB /* ZYImagePickerAndBrowerTests.swift in Sources */ = {isa = PBXBuildFile; fileRef = EB7E97512126BE9700EE9EBB /* ZYImagePickerAndBrowerTests.swift */; };
		EB7E975D2126BE9700EE9EBB /* ZYImagePickerAndBrowerUITests.swift in Sources */ = {isa = PBXBuildFile; fileRef = EB7E975C2126BE9700EE9EBB /* ZYImagePickerAndBrowerUITests.swift */; };
		EB7E976D2126BF3700EE9EBB /* ZYPhotoDataSource.swift in Sources */ = {isa = PBXBuildFile; fileRef = EB7E976C2126BF3700EE9EBB /* ZYPhotoDataSource.swift */; };
		EB7E97782126BFD800EE9EBB /* icon_back_white@2x.png in Resources */ = {isa = PBXBuildFile; fileRef = EB7E97702126BFD800EE9EBB /* icon_back_white@2x.png */; };
		EB7E97792126BFD800EE9EBB /* icon_back_white@3x.png in Resources */ = {isa = PBXBuildFile; fileRef = EB7E97712126BFD800EE9EBB /* icon_back_white@3x.png */; };
		EB7E977A2126BFD800EE9EBB /* album_select_blue@2x.png in Resources */ = {isa = PBXBuildFile; fileRef = EB7E97722126BFD800EE9EBB /* album_select_blue@2x.png */; };
		EB7E977B2126BFD800EE9EBB /* album_photo_delete@3x.png in Resources */ = {isa = PBXBuildFile; fileRef = EB7E97732126BFD800EE9EBB /* album_photo_delete@3x.png */; };
		EB7E977C2126BFD800EE9EBB /* album_select_gray@2x.png in Resources */ = {isa = PBXBuildFile; fileRef = EB7E97742126BFD800EE9EBB /* album_select_gray@2x.png */; };
		EB7E977D2126BFD800EE9EBB /* album_select_blue@3x.png in Resources */ = {isa = PBXBuildFile; fileRef = EB7E97752126BFD800EE9EBB /* album_select_blue@3x.png */; };
		EB7E977E2126BFD800EE9EBB /* album_select_gray@3x.png in Resources */ = {isa = PBXBuildFile; fileRef = EB7E97762126BFD800EE9EBB /* album_select_gray@3x.png */; };
		EB7E977F2126BFD800EE9EBB /* album_photo_delete@2x.png in Resources */ = {isa = PBXBuildFile; fileRef = EB7E97772126BFD800EE9EBB /* album_photo_delete@2x.png */; };
		EB7E97832126C1B300EE9EBB /* ZYCachingImageManager.swift in Sources */ = {isa = PBXBuildFile; fileRef = EB7E97822126C1B300EE9EBB /* ZYCachingImageManager.swift */; };
		EB7E97862126C24800EE9EBB /* Config.swift in Sources */ = {isa = PBXBuildFile; fileRef = EB7E97852126C24800EE9EBB /* Config.swift */; };
		EB7E97882126C3CB00EE9EBB /* ZYExtension.swift in Sources */ = {isa = PBXBuildFile; fileRef = EB7E97872126C3CB00EE9EBB /* ZYExtension.swift */; };
		EB7E978A2126C49800EE9EBB /* ZYPhotoCollectionViewCell.swift in Sources */ = {isa = PBXBuildFile; fileRef = EB7E97892126C49800EE9EBB /* ZYPhotoCollectionViewCell.swift */; };
		EB7E978C2126C53300EE9EBB /* ZYPreviewCollectionViewCell.swift in Sources */ = {isa = PBXBuildFile; fileRef = EB7E978B2126C53300EE9EBB /* ZYPreviewCollectionViewCell.swift */; };
		EB7E978E2126C59F00EE9EBB /* ZYProgressView.swift in Sources */ = {isa = PBXBuildFile; fileRef = EB7E978D2126C59F00EE9EBB /* ZYProgressView.swift */; };
		EB7E97912126C6A800EE9EBB /* ZYBaseViewController.swift in Sources */ = {isa = PBXBuildFile; fileRef = EB7E97902126C6A800EE9EBB /* ZYBaseViewController.swift */; };
		EB7E97962126C83000EE9EBB /* ZYPhotoNavigationViewController.swift in Sources */ = {isa = PBXBuildFile; fileRef = EB7E97952126C83000EE9EBB /* ZYPhotoNavigationViewController.swift */; };
		EBA3C150212A4803000F0D82 /* ZYImagePickerLayoutView.swift in Sources */ = {isa = PBXBuildFile; fileRef = EBA3C14F212A4803000F0D82 /* ZYImagePickerLayoutView.swift */; };
		EBA3C154212A64D1000F0D82 /* ImagePickerLayoutCollectionViewCell.swift in Sources */ = {isa = PBXBuildFile; fileRef = EBA3C152212A64D1000F0D82 /* ImagePickerLayoutCollectionViewCell.swift */; };
		EBA3C155212A64D1000F0D82 /* ImagePickerLayoutCollectionViewCell.xib in Resources */ = {isa = PBXBuildFile; fileRef = EBA3C153212A64D1000F0D82 /* ImagePickerLayoutCollectionViewCell.xib */; };
		EBA3C15F212A660D000F0D82 /* icon_add_nor@2x.png in Resources */ = {isa = PBXBuildFile; fileRef = EBA3C156212A660C000F0D82 /* icon_add_nor@2x.png */; };
		EBA3C160212A660D000F0D82 /* icon_delete@3x.png in Resources */ = {isa = PBXBuildFile; fileRef = EBA3C157212A660D000F0D82 /* icon_delete@3x.png */; };
		EBA3C161212A660D000F0D82 /* icon_delete@2x.png in Resources */ = {isa = PBXBuildFile; fileRef = EBA3C158212A660D000F0D82 /* icon_delete@2x.png */; };
		EBA3C162212A660D000F0D82 /* icon_add_sel@2x.png in Resources */ = {isa = PBXBuildFile; fileRef = EBA3C159212A660D000F0D82 /* icon_add_sel@2x.png */; };
		EBA3C163212A660D000F0D82 /* icon_add_nor@3x.png in Resources */ = {isa = PBXBuildFile; fileRef = EBA3C15A212A660D000F0D82 /* icon_add_nor@3x.png */; };
		EBA3C164212A660D000F0D82 /* icon_add_nor.png in Resources */ = {isa = PBXBuildFile; fileRef = EBA3C15B212A660D000F0D82 /* icon_add_nor.png */; };
		EBA3C165212A660D000F0D82 /* icon_add_sel@3x.png in Resources */ = {isa = PBXBuildFile; fileRef = EBA3C15C212A660D000F0D82 /* icon_add_sel@3x.png */; };
		EBA3C166212A660D000F0D82 /* icon_delete.png in Resources */ = {isa = PBXBuildFile; fileRef = EBA3C15D212A660D000F0D82 /* icon_delete.png */; };
		EBA3C167212A660D000F0D82 /* icon_add_sel.png in Resources */ = {isa = PBXBuildFile; fileRef = EBA3C15E212A660D000F0D82 /* icon_add_sel.png */; };
		EBA3C19E212A6640000F0D82 /* icon_4_2@2x.png in Resources */ = {isa = PBXBuildFile; fileRef = EBA3C168212A663A000F0D82 /* icon_4_2@2x.png */; };
		EBA3C19F212A6640000F0D82 /* icon_1_1@2x.png in Resources */ = {isa = PBXBuildFile; fileRef = EBA3C169212A663A000F0D82 /* icon_1_1@2x.png */; };
		EBA3C1A0212A6640000F0D82 /* icon_7_1@3x.png in Resources */ = {isa = PBXBuildFile; fileRef = EBA3C16A212A663A000F0D82 /* icon_7_1@3x.png */; };
		EBA3C1A1212A6640000F0D82 /* icon_1_1.png in Resources */ = {isa = PBXBuildFile; fileRef = EBA3C16B212A663B000F0D82 /* icon_1_1.png */; };
		EBA3C1A2212A6640000F0D82 /* icon_9_1.png in Resources */ = {isa = PBXBuildFile; fileRef = EBA3C16C212A663B000F0D82 /* icon_9_1.png */; };
		EBA3C1A3212A6640000F0D82 /* icon_6_2.png in Resources */ = {isa = PBXBuildFile; fileRef = EBA3C16D212A663B000F0D82 /* icon_6_2.png */; };
		EBA3C1A4212A6640000F0D82 /* icon_7_2@3x.png in Resources */ = {isa = PBXBuildFile; fileRef = EBA3C16E212A663B000F0D82 /* icon_7_2@3x.png */; };
		EBA3C1A5212A6640000F0D82 /* icon_2_1.png in Resources */ = {isa = PBXBuildFile; fileRef = EBA3C16F212A663B000F0D82 /* icon_2_1.png */; };
		EBA3C1A6212A6640000F0D82 /* icon_6_2@3x.png in Resources */ = {isa = PBXBuildFile; fileRef = EBA3C170212A663B000F0D82 /* icon_6_2@3x.png */; };
		EBA3C1A7212A6640000F0D82 /* icon_8_1@2x.png in Resources */ = {isa = PBXBuildFile; fileRef = EBA3C171212A663B000F0D82 /* icon_8_1@2x.png */; };
		EBA3C1A8212A6640000F0D82 /* icon_3_2@3x.png in Resources */ = {isa = PBXBuildFile; fileRef = EBA3C172212A663B000F0D82 /* icon_3_2@3x.png */; };
		EBA3C1A9212A6640000F0D82 /* icon_5_1@3x.png in Resources */ = {isa = PBXBuildFile; fileRef = EBA3C173212A663B000F0D82 /* icon_5_1@3x.png */; };
		EBA3C1AA212A6640000F0D82 /* icon_3_1@2x.png in Resources */ = {isa = PBXBuildFile; fileRef = EBA3C174212A663B000F0D82 /* icon_3_1@2x.png */; };
		EBA3C1AB212A6640000F0D82 /* icon_1_2.png in Resources */ = {isa = PBXBuildFile; fileRef = EBA3C175212A663B000F0D82 /* icon_1_2.png */; };
		EBA3C1AC212A6640000F0D82 /* icon_9_1@2x.png in Resources */ = {isa = PBXBuildFile; fileRef = EBA3C176212A663C000F0D82 /* icon_9_1@2x.png */; };
		EBA3C1AD212A6640000F0D82 /* icon_9_2@2x.png in Resources */ = {isa = PBXBuildFile; fileRef = EBA3C177212A663C000F0D82 /* icon_9_2@2x.png */; };
		EBA3C1AE212A6640000F0D82 /* icon_8_2@2x.png in Resources */ = {isa = PBXBuildFile; fileRef = EBA3C178212A663C000F0D82 /* icon_8_2@2x.png */; };
		EBA3C1AF212A6640000F0D82 /* icon_6_1@2x.png in Resources */ = {isa = PBXBuildFile; fileRef = EBA3C179212A663C000F0D82 /* icon_6_1@2x.png */; };
		EBA3C1B0212A6640000F0D82 /* icon_6_1@3x.png in Resources */ = {isa = PBXBuildFile; fileRef = EBA3C17A212A663C000F0D82 /* icon_6_1@3x.png */; };
		EBA3C1B1212A6640000F0D82 /* icon_9_1@3x.png in Resources */ = {isa = PBXBuildFile; fileRef = EBA3C17B212A663C000F0D82 /* icon_9_1@3x.png */; };
		EBA3C1B2212A6640000F0D82 /* icon_1_2@3x.png in Resources */ = {isa = PBXBuildFile; fileRef = EBA3C17C212A663C000F0D82 /* icon_1_2@3x.png */; };
		EBA3C1B3212A6640000F0D82 /* icon_6_1.png in Resources */ = {isa = PBXBuildFile; fileRef = EBA3C17D212A663D000F0D82 /* icon_6_1.png */; };
		EBA3C1B4212A6640000F0D82 /* icon_7_1.png in Resources */ = {isa = PBXBuildFile; fileRef = EBA3C17E212A663D000F0D82 /* icon_7_1.png */; };
		EBA3C1B5212A6640000F0D82 /* icon_8_1@3x.png in Resources */ = {isa = PBXBuildFile; fileRef = EBA3C17F212A663D000F0D82 /* icon_8_1@3x.png */; };
		EBA3C1B6212A6640000F0D82 /* icon_8_1.png in Resources */ = {isa = PBXBuildFile; fileRef = EBA3C180212A663D000F0D82 /* icon_8_1.png */; };
		EBA3C1B7212A6640000F0D82 /* icon_4_2@3x.png in Resources */ = {isa = PBXBuildFile; fileRef = EBA3C181212A663D000F0D82 /* icon_4_2@3x.png */; };
		EBA3C1B8212A6640000F0D82 /* icon_6_2@2x.png in Resources */ = {isa = PBXBuildFile; fileRef = EBA3C182212A663D000F0D82 /* icon_6_2@2x.png */; };
		EBA3C1B9212A6640000F0D82 /* icon_5_2@3x.png in Resources */ = {isa = PBXBuildFile; fileRef = EBA3C183212A663D000F0D82 /* icon_5_2@3x.png */; };
		EBA3C1BA212A6640000F0D82 /* icon_7_1@2x.png in Resources */ = {isa = PBXBuildFile; fileRef = EBA3C184212A663E000F0D82 /* icon_7_1@2x.png */; };
		EBA3C1BB212A6640000F0D82 /* icon_2_2@3x.png in Resources */ = {isa = PBXBuildFile; fileRef = EBA3C185212A663E000F0D82 /* icon_2_2@3x.png */; };
		EBA3C1BC212A6640000F0D82 /* icon_2_1@2x.png in Resources */ = {isa = PBXBuildFile; fileRef = EBA3C186212A663E000F0D82 /* icon_2_1@2x.png */; };
		EBA3C1BD212A6640000F0D82 /* icon_5_2@2x.png in Resources */ = {isa = PBXBuildFile; fileRef = EBA3C187212A663E000F0D82 /* icon_5_2@2x.png */; };
		EBA3C1BE212A6640000F0D82 /* icon_7_2.png in Resources */ = {isa = PBXBuildFile; fileRef = EBA3C188212A663E000F0D82 /* icon_7_2.png */; };
		EBA3C1BF212A6640000F0D82 /* icon_2_1@3x.png in Resources */ = {isa = PBXBuildFile; fileRef = EBA3C189212A663E000F0D82 /* icon_2_1@3x.png */; };
		EBA3C1C0212A6640000F0D82 /* icon_3_2@2x.png in Resources */ = {isa = PBXBuildFile; fileRef = EBA3C18A212A663E000F0D82 /* icon_3_2@2x.png */; };
		EBA3C1C1212A6640000F0D82 /* icon_1_2@2x.png in Resources */ = {isa = PBXBuildFile; fileRef = EBA3C18B212A663E000F0D82 /* icon_1_2@2x.png */; };
		EBA3C1C2212A6640000F0D82 /* icon_8_2.png in Resources */ = {isa = PBXBuildFile; fileRef = EBA3C18C212A663E000F0D82 /* icon_8_2.png */; };
		EBA3C1C3212A6640000F0D82 /* icon_3_1.png in Resources */ = {isa = PBXBuildFile; fileRef = EBA3C18D212A663E000F0D82 /* icon_3_1.png */; };
		EBA3C1C4212A6640000F0D82 /* icon_3_2.png in Resources */ = {isa = PBXBuildFile; fileRef = EBA3C18E212A663E000F0D82 /* icon_3_2.png */; };
		EBA3C1C5212A6640000F0D82 /* icon_2_2.png in Resources */ = {isa = PBXBuildFile; fileRef = EBA3C18F212A663E000F0D82 /* icon_2_2.png */; };
		EBA3C1C6212A6640000F0D82 /* icon_2_2@2x.png in Resources */ = {isa = PBXBuildFile; fileRef = EBA3C190212A663F000F0D82 /* icon_2_2@2x.png */; };
		EBA3C1C7212A6640000F0D82 /* icon_7_2@2x.png in Resources */ = {isa = PBXBuildFile; fileRef = EBA3C191212A663F000F0D82 /* icon_7_2@2x.png */; };
		EBA3C1C8212A6640000F0D82 /* icon_4_2.png in Resources */ = {isa = PBXBuildFile; fileRef = EBA3C192212A663F000F0D82 /* icon_4_2.png */; };
		EBA3C1C9212A6640000F0D82 /* icon_4_1@3x.png in Resources */ = {isa = PBXBuildFile; fileRef = EBA3C193212A663F000F0D82 /* icon_4_1@3x.png */; };
		EBA3C1CA212A6640000F0D82 /* icon_3_1@3x.png in Resources */ = {isa = PBXBuildFile; fileRef = EBA3C194212A663F000F0D82 /* icon_3_1@3x.png */; };
		EBA3C1CB212A6640000F0D82 /* icon_5_1@2x.png in Resources */ = {isa = PBXBuildFile; fileRef = EBA3C195212A663F000F0D82 /* icon_5_1@2x.png */; };
		EBA3C1CC212A6640000F0D82 /* icon_5_2.png in Resources */ = {isa = PBXBuildFile; fileRef = EBA3C196212A663F000F0D82 /* icon_5_2.png */; };
		EBA3C1CD212A6640000F0D82 /* icon_4_1.png in Resources */ = {isa = PBXBuildFile; fileRef = EBA3C197212A663F000F0D82 /* icon_4_1.png */; };
		EBA3C1CE212A6640000F0D82 /* icon_9_2.png in Resources */ = {isa = PBXBuildFile; fileRef = EBA3C198212A663F000F0D82 /* icon_9_2.png */; };
		EBA3C1CF212A6640000F0D82 /* icon_1_1@3x.png in Resources */ = {isa = PBXBuildFile; fileRef = EBA3C199212A663F000F0D82 /* icon_1_1@3x.png */; };
		EBA3C1D0212A6640000F0D82 /* icon_9_2@3x.png in Resources */ = {isa = PBXBuildFile; fileRef = EBA3C19A212A663F000F0D82 /* icon_9_2@3x.png */; };
		EBA3C1D1212A6640000F0D82 /* icon_4_1@2x.png in Resources */ = {isa = PBXBuildFile; fileRef = EBA3C19B212A663F000F0D82 /* icon_4_1@2x.png */; };
		EBA3C1D2212A6640000F0D82 /* icon_8_2@3x.png in Resources */ = {isa = PBXBuildFile; fileRef = EBA3C19C212A6640000F0D82 /* icon_8_2@3x.png */; };
		EBA3C1D3212A6640000F0D82 /* icon_5_1.png in Resources */ = {isa = PBXBuildFile; fileRef = EBA3C19D212A6640000F0D82 /* icon_5_1.png */; };
		EBA3C1D7212AB50C000F0D82 /* PlusCollectionViewCell.swift in Sources */ = {isa = PBXBuildFile; fileRef = EBA3C1D5212AB50C000F0D82 /* PlusCollectionViewCell.swift */; };
		EBA3C1D8212AB50C000F0D82 /* PlusCollectionViewCell.xib in Resources */ = {isa = PBXBuildFile; fileRef = EBA3C1D6212AB50C000F0D82 /* PlusCollectionViewCell.xib */; };
		EBEDED782126CC90001759E9 /* ZYPhotoAlbumListViewController.swift in Sources */ = {isa = PBXBuildFile; fileRef = EBEDED772126CC90001759E9 /* ZYPhotoAlbumListViewController.swift */; };
		EBEDED7A2126CD79001759E9 /* WQPhotoAlbumViewController.swift in Sources */ = {isa = PBXBuildFile; fileRef = EBEDED792126CD79001759E9 /* WQPhotoAlbumViewController.swift */; };
		EBEDED7C2126CE3C001759E9 /* ZYPhotoClipViewController.swift in Sources */ = {isa = PBXBuildFile; fileRef = EBEDED7B2126CE3C001759E9 /* ZYPhotoClipViewController.swift */; };
		EBEDED7E2126CE4F001759E9 /* ZYPhotoPreviewDeleteViewController.swift in Sources */ = {isa = PBXBuildFile; fileRef = EBEDED7D2126CE4F001759E9 /* ZYPhotoPreviewDeleteViewController.swift */; };
		EBEDED822126CE8C001759E9 /* ZYPhotoPreviewViewController.swift in Sources */ = {isa = PBXBuildFile; fileRef = EBEDED812126CE8C001759E9 /* ZYPhotoPreviewViewController.swift */; };
/* End PBXBuildFile section */

/* Begin PBXContainerItemProxy section */
		EB7E974E2126BE9700EE9EBB /* PBXContainerItemProxy */ = {
			isa = PBXContainerItemProxy;
			containerPortal = EB7E97312126BE9600EE9EBB /* Project object */;
			proxyType = 1;
			remoteGlobalIDString = EB7E97382126BE9600EE9EBB;
			remoteInfo = ZYImagePickerAndBrower;
		};
		EB7E97592126BE9700EE9EBB /* PBXContainerItemProxy */ = {
			isa = PBXContainerItemProxy;
			containerPortal = EB7E97312126BE9600EE9EBB /* Project object */;
			proxyType = 1;
			remoteGlobalIDString = EB7E97382126BE9600EE9EBB;
			remoteInfo = ZYImagePickerAndBrower;
		};
/* End PBXContainerItemProxy section */

/* Begin PBXFileReference section */
		EB7E97392126BE9600EE9EBB /* ZYImagePickerAndBrower.app */ = {isa = PBXFileReference; explicitFileType = wrapper.application; includeInIndex = 0; path = ZYImagePickerAndBrower.app; sourceTree = BUILT_PRODUCTS_DIR; };
		EB7E973C2126BE9600EE9EBB /* AppDelegate.swift */ = {isa = PBXFileReference; lastKnownFileType = sourcecode.swift; path = AppDelegate.swift; sourceTree = "<group>"; };
		EB7E973E2126BE9600EE9EBB /* ViewController.swift */ = {isa = PBXFileReference; lastKnownFileType = sourcecode.swift; path = ViewController.swift; sourceTree = "<group>"; };
		EB7E97412126BE9600EE9EBB /* Base */ = {isa = PBXFileReference; lastKnownFileType = file.storyboard; name = Base; path = Base.lproj/Main.storyboard; sourceTree = "<group>"; };
		EB7E97432126BE9700EE9EBB /* Assets.xcassets */ = {isa = PBXFileReference; lastKnownFileType = folder.assetcatalog; path = Assets.xcassets; sourceTree = "<group>"; };
		EB7E97462126BE9700EE9EBB /* Base */ = {isa = PBXFileReference; lastKnownFileType = file.storyboard; name = Base; path = Base.lproj/LaunchScreen.storyboard; sourceTree = "<group>"; };
		EB7E97482126BE9700EE9EBB /* Info.plist */ = {isa = PBXFileReference; lastKnownFileType = text.plist.xml; path = Info.plist; sourceTree = "<group>"; };
		EB7E974D2126BE9700EE9EBB /* ZYImagePickerAndBrowerTests.xctest */ = {isa = PBXFileReference; explicitFileType = wrapper.cfbundle; includeInIndex = 0; path = ZYImagePickerAndBrowerTests.xctest; sourceTree = BUILT_PRODUCTS_DIR; };
		EB7E97512126BE9700EE9EBB /* ZYImagePickerAndBrowerTests.swift */ = {isa = PBXFileReference; lastKnownFileType = sourcecode.swift; path = ZYImagePickerAndBrowerTests.swift; sourceTree = "<group>"; };
		EB7E97532126BE9700EE9EBB /* Info.plist */ = {isa = PBXFileReference; lastKnownFileType = text.plist.xml; path = Info.plist; sourceTree = "<group>"; };
		EB7E97582126BE9700EE9EBB /* ZYImagePickerAndBrowerUITests.xctest */ = {isa = PBXFileReference; explicitFileType = wrapper.cfbundle; includeInIndex = 0; path = ZYImagePickerAndBrowerUITests.xctest; sourceTree = BUILT_PRODUCTS_DIR; };
		EB7E975C2126BE9700EE9EBB /* ZYImagePickerAndBrowerUITests.swift */ = {isa = PBXFileReference; lastKnownFileType = sourcecode.swift; path = ZYImagePickerAndBrowerUITests.swift; sourceTree = "<group>"; };
		EB7E975E2126BE9700EE9EBB /* Info.plist */ = {isa = PBXFileReference; lastKnownFileType = text.plist.xml; path = Info.plist; sourceTree = "<group>"; };
		EB7E976C2126BF3700EE9EBB /* ZYPhotoDataSource.swift */ = {isa = PBXFileReference; lastKnownFileType = sourcecode.swift; path = ZYPhotoDataSource.swift; sourceTree = "<group>"; };
		EB7E97702126BFD800EE9EBB /* icon_back_white@2x.png */ = {isa = PBXFileReference; lastKnownFileType = image.png; path = "icon_back_white@2x.png"; sourceTree = "<group>"; };
		EB7E97712126BFD800EE9EBB /* icon_back_white@3x.png */ = {isa = PBXFileReference; lastKnownFileType = image.png; path = "icon_back_white@3x.png"; sourceTree = "<group>"; };
		EB7E97722126BFD800EE9EBB /* album_select_blue@2x.png */ = {isa = PBXFileReference; lastKnownFileType = image.png; path = "album_select_blue@2x.png"; sourceTree = "<group>"; };
		EB7E97732126BFD800EE9EBB /* album_photo_delete@3x.png */ = {isa = PBXFileReference; lastKnownFileType = image.png; path = "album_photo_delete@3x.png"; sourceTree = "<group>"; };
		EB7E97742126BFD800EE9EBB /* album_select_gray@2x.png */ = {isa = PBXFileReference; lastKnownFileType = image.png; path = "album_select_gray@2x.png"; sourceTree = "<group>"; };
		EB7E97752126BFD800EE9EBB /* album_select_blue@3x.png */ = {isa = PBXFileReference; lastKnownFileType = image.png; path = "album_select_blue@3x.png"; sourceTree = "<group>"; };
		EB7E97762126BFD800EE9EBB /* album_select_gray@3x.png */ = {isa = PBXFileReference; lastKnownFileType = image.png; path = "album_select_gray@3x.png"; sourceTree = "<group>"; };
		EB7E97772126BFD800EE9EBB /* album_photo_delete@2x.png */ = {isa = PBXFileReference; lastKnownFileType = image.png; path = "album_photo_delete@2x.png"; sourceTree = "<group>"; };
		EB7E97822126C1B300EE9EBB /* ZYCachingImageManager.swift */ = {isa = PBXFileReference; lastKnownFileType = sourcecode.swift; path = ZYCachingImageManager.swift; sourceTree = "<group>"; };
		EB7E97852126C24800EE9EBB /* Config.swift */ = {isa = PBXFileReference; lastKnownFileType = sourcecode.swift; path = Config.swift; sourceTree = "<group>"; };
		EB7E97872126C3CB00EE9EBB /* ZYExtension.swift */ = {isa = PBXFileReference; lastKnownFileType = sourcecode.swift; path = ZYExtension.swift; sourceTree = "<group>"; };
		EB7E97892126C49800EE9EBB /* ZYPhotoCollectionViewCell.swift */ = {isa = PBXFileReference; lastKnownFileType = sourcecode.swift; path = ZYPhotoCollectionViewCell.swift; sourceTree = "<group>"; };
		EB7E978B2126C53300EE9EBB /* ZYPreviewCollectionViewCell.swift */ = {isa = PBXFileReference; lastKnownFileType = sourcecode.swift; path = ZYPreviewCollectionViewCell.swift; sourceTree = "<group>"; };
		EB7E978D2126C59F00EE9EBB /* ZYProgressView.swift */ = {isa = PBXFileReference; lastKnownFileType = sourcecode.swift; path = ZYProgressView.swift; sourceTree = "<group>"; };
		EB7E97902126C6A800EE9EBB /* ZYBaseViewController.swift */ = {isa = PBXFileReference; lastKnownFileType = sourcecode.swift; path = ZYBaseViewController.swift; sourceTree = "<group>"; };
		EB7E97952126C83000EE9EBB /* ZYPhotoNavigationViewController.swift */ = {isa = PBXFileReference; lastKnownFileType = sourcecode.swift; path = ZYPhotoNavigationViewController.swift; sourceTree = "<group>"; };
		EBA3C14F212A4803000F0D82 /* ZYImagePickerLayoutView.swift */ = {isa = PBXFileReference; lastKnownFileType = sourcecode.swift; path = ZYImagePickerLayoutView.swift; sourceTree = "<group>"; };
		EBA3C152212A64D1000F0D82 /* ImagePickerLayoutCollectionViewCell.swift */ = {isa = PBXFileReference; lastKnownFileType = sourcecode.swift; path = ImagePickerLayoutCollectionViewCell.swift; sourceTree = "<group>"; };
		EBA3C153212A64D1000F0D82 /* ImagePickerLayoutCollectionViewCell.xib */ = {isa = PBXFileReference; lastKnownFileType = file.xib; path = ImagePickerLayoutCollectionViewCell.xib; sourceTree = "<group>"; };
		EBA3C156212A660C000F0D82 /* icon_add_nor@2x.png */ = {isa = PBXFileReference; lastKnownFileType = image.png; path = "icon_add_nor@2x.png"; sourceTree = "<group>"; };
		EBA3C157212A660D000F0D82 /* icon_delete@3x.png */ = {isa = PBXFileReference; lastKnownFileType = image.png; path = "icon_delete@3x.png"; sourceTree = "<group>"; };
		EBA3C158212A660D000F0D82 /* icon_delete@2x.png */ = {isa = PBXFileReference; lastKnownFileType = image.png; path = "icon_delete@2x.png"; sourceTree = "<group>"; };
		EBA3C159212A660D000F0D82 /* icon_add_sel@2x.png */ = {isa = PBXFileReference; lastKnownFileType = image.png; path = "icon_add_sel@2x.png"; sourceTree = "<group>"; };
		EBA3C15A212A660D000F0D82 /* icon_add_nor@3x.png */ = {isa = PBXFileReference; lastKnownFileType = image.png; path = "icon_add_nor@3x.png"; sourceTree = "<group>"; };
		EBA3C15B212A660D000F0D82 /* icon_add_nor.png */ = {isa = PBXFileReference; lastKnownFileType = image.png; path = icon_add_nor.png; sourceTree = "<group>"; };
		EBA3C15C212A660D000F0D82 /* icon_add_sel@3x.png */ = {isa = PBXFileReference; lastKnownFileType = image.png; path = "icon_add_sel@3x.png"; sourceTree = "<group>"; };
		EBA3C15D212A660D000F0D82 /* icon_delete.png */ = {isa = PBXFileReference; lastKnownFileType = image.png; path = icon_delete.png; sourceTree = "<group>"; };
		EBA3C15E212A660D000F0D82 /* icon_add_sel.png */ = {isa = PBXFileReference; lastKnownFileType = image.png; path = icon_add_sel.png; sourceTree = "<group>"; };
		EBA3C168212A663A000F0D82 /* icon_4_2@2x.png */ = {isa = PBXFileReference; lastKnownFileType = image.png; path = "icon_4_2@2x.png"; sourceTree = "<group>"; };
		EBA3C169212A663A000F0D82 /* icon_1_1@2x.png */ = {isa = PBXFileReference; lastKnownFileType = image.png; path = "icon_1_1@2x.png"; sourceTree = "<group>"; };
		EBA3C16A212A663A000F0D82 /* icon_7_1@3x.png */ = {isa = PBXFileReference; lastKnownFileType = image.png; path = "icon_7_1@3x.png"; sourceTree = "<group>"; };
		EBA3C16B212A663B000F0D82 /* icon_1_1.png */ = {isa = PBXFileReference; lastKnownFileType = image.png; path = icon_1_1.png; sourceTree = "<group>"; };
		EBA3C16C212A663B000F0D82 /* icon_9_1.png */ = {isa = PBXFileReference; lastKnownFileType = image.png; path = icon_9_1.png; sourceTree = "<group>"; };
		EBA3C16D212A663B000F0D82 /* icon_6_2.png */ = {isa = PBXFileReference; lastKnownFileType = image.png; path = icon_6_2.png; sourceTree = "<group>"; };
		EBA3C16E212A663B000F0D82 /* icon_7_2@3x.png */ = {isa = PBXFileReference; lastKnownFileType = image.png; path = "icon_7_2@3x.png"; sourceTree = "<group>"; };
		EBA3C16F212A663B000F0D82 /* icon_2_1.png */ = {isa = PBXFileReference; lastKnownFileType = image.png; path = icon_2_1.png; sourceTree = "<group>"; };
		EBA3C170212A663B000F0D82 /* icon_6_2@3x.png */ = {isa = PBXFileReference; lastKnownFileType = image.png; path = "icon_6_2@3x.png"; sourceTree = "<group>"; };
		EBA3C171212A663B000F0D82 /* icon_8_1@2x.png */ = {isa = PBXFileReference; lastKnownFileType = image.png; path = "icon_8_1@2x.png"; sourceTree = "<group>"; };
		EBA3C172212A663B000F0D82 /* icon_3_2@3x.png */ = {isa = PBXFileReference; lastKnownFileType = image.png; path = "icon_3_2@3x.png"; sourceTree = "<group>"; };
		EBA3C173212A663B000F0D82 /* icon_5_1@3x.png */ = {isa = PBXFileReference; lastKnownFileType = image.png; path = "icon_5_1@3x.png"; sourceTree = "<group>"; };
		EBA3C174212A663B000F0D82 /* icon_3_1@2x.png */ = {isa = PBXFileReference; lastKnownFileType = image.png; path = "icon_3_1@2x.png"; sourceTree = "<group>"; };
		EBA3C175212A663B000F0D82 /* icon_1_2.png */ = {isa = PBXFileReference; lastKnownFileType = image.png; path = icon_1_2.png; sourceTree = "<group>"; };
		EBA3C176212A663C000F0D82 /* icon_9_1@2x.png */ = {isa = PBXFileReference; lastKnownFileType = image.png; path = "icon_9_1@2x.png"; sourceTree = "<group>"; };
		EBA3C177212A663C000F0D82 /* icon_9_2@2x.png */ = {isa = PBXFileReference; lastKnownFileType = image.png; path = "icon_9_2@2x.png"; sourceTree = "<group>"; };
		EBA3C178212A663C000F0D82 /* icon_8_2@2x.png */ = {isa = PBXFileReference; lastKnownFileType = image.png; path = "icon_8_2@2x.png"; sourceTree = "<group>"; };
		EBA3C179212A663C000F0D82 /* icon_6_1@2x.png */ = {isa = PBXFileReference; lastKnownFileType = image.png; path = "icon_6_1@2x.png"; sourceTree = "<group>"; };
		EBA3C17A212A663C000F0D82 /* icon_6_1@3x.png */ = {isa = PBXFileReference; lastKnownFileType = image.png; path = "icon_6_1@3x.png"; sourceTree = "<group>"; };
		EBA3C17B212A663C000F0D82 /* icon_9_1@3x.png */ = {isa = PBXFileReference; lastKnownFileType = image.png; path = "icon_9_1@3x.png"; sourceTree = "<group>"; };
		EBA3C17C212A663C000F0D82 /* icon_1_2@3x.png */ = {isa = PBXFileReference; lastKnownFileType = image.png; path = "icon_1_2@3x.png"; sourceTree = "<group>"; };
		EBA3C17D212A663D000F0D82 /* icon_6_1.png */ = {isa = PBXFileReference; lastKnownFileType = image.png; path = icon_6_1.png; sourceTree = "<group>"; };
		EBA3C17E212A663D000F0D82 /* icon_7_1.png */ = {isa = PBXFileReference; lastKnownFileType = image.png; path = icon_7_1.png; sourceTree = "<group>"; };
		EBA3C17F212A663D000F0D82 /* icon_8_1@3x.png */ = {isa = PBXFileReference; lastKnownFileType = image.png; path = "icon_8_1@3x.png"; sourceTree = "<group>"; };
		EBA3C180212A663D000F0D82 /* icon_8_1.png */ = {isa = PBXFileReference; lastKnownFileType = image.png; path = icon_8_1.png; sourceTree = "<group>"; };
		EBA3C181212A663D000F0D82 /* icon_4_2@3x.png */ = {isa = PBXFileReference; lastKnownFileType = image.png; path = "icon_4_2@3x.png"; sourceTree = "<group>"; };
		EBA3C182212A663D000F0D82 /* icon_6_2@2x.png */ = {isa = PBXFileReference; lastKnownFileType = image.png; path = "icon_6_2@2x.png"; sourceTree = "<group>"; };
		EBA3C183212A663D000F0D82 /* icon_5_2@3x.png */ = {isa = PBXFileReference; lastKnownFileType = image.png; path = "icon_5_2@3x.png"; sourceTree = "<group>"; };
		EBA3C184212A663E000F0D82 /* icon_7_1@2x.png */ = {isa = PBXFileReference; lastKnownFileType = image.png; path = "icon_7_1@2x.png"; sourceTree = "<group>"; };
		EBA3C185212A663E000F0D82 /* icon_2_2@3x.png */ = {isa = PBXFileReference; lastKnownFileType = image.png; path = "icon_2_2@3x.png"; sourceTree = "<group>"; };
		EBA3C186212A663E000F0D82 /* icon_2_1@2x.png */ = {isa = PBXFileReference; lastKnownFileType = image.png; path = "icon_2_1@2x.png"; sourceTree = "<group>"; };
		EBA3C187212A663E000F0D82 /* icon_5_2@2x.png */ = {isa = PBXFileReference; lastKnownFileType = image.png; path = "icon_5_2@2x.png"; sourceTree = "<group>"; };
		EBA3C188212A663E000F0D82 /* icon_7_2.png */ = {isa = PBXFileReference; lastKnownFileType = image.png; path = icon_7_2.png; sourceTree = "<group>"; };
		EBA3C189212A663E000F0D82 /* icon_2_1@3x.png */ = {isa = PBXFileReference; lastKnownFileType = image.png; path = "icon_2_1@3x.png"; sourceTree = "<group>"; };
		EBA3C18A212A663E000F0D82 /* icon_3_2@2x.png */ = {isa = PBXFileReference; lastKnownFileType = image.png; path = "icon_3_2@2x.png"; sourceTree = "<group>"; };
		EBA3C18B212A663E000F0D82 /* icon_1_2@2x.png */ = {isa = PBXFileReference; lastKnownFileType = image.png; path = "icon_1_2@2x.png"; sourceTree = "<group>"; };
		EBA3C18C212A663E000F0D82 /* icon_8_2.png */ = {isa = PBXFileReference; lastKnownFileType = image.png; path = icon_8_2.png; sourceTree = "<group>"; };
		EBA3C18D212A663E000F0D82 /* icon_3_1.png */ = {isa = PBXFileReference; lastKnownFileType = image.png; path = icon_3_1.png; sourceTree = "<group>"; };
		EBA3C18E212A663E000F0D82 /* icon_3_2.png */ = {isa = PBXFileReference; lastKnownFileType = image.png; path = icon_3_2.png; sourceTree = "<group>"; };
		EBA3C18F212A663E000F0D82 /* icon_2_2.png */ = {isa = PBXFileReference; lastKnownFileType = image.png; path = icon_2_2.png; sourceTree = "<group>"; };
		EBA3C190212A663F000F0D82 /* icon_2_2@2x.png */ = {isa = PBXFileReference; lastKnownFileType = image.png; path = "icon_2_2@2x.png"; sourceTree = "<group>"; };
		EBA3C191212A663F000F0D82 /* icon_7_2@2x.png */ = {isa = PBXFileReference; lastKnownFileType = image.png; path = "icon_7_2@2x.png"; sourceTree = "<group>"; };
		EBA3C192212A663F000F0D82 /* icon_4_2.png */ = {isa = PBXFileReference; lastKnownFileType = image.png; path = icon_4_2.png; sourceTree = "<group>"; };
		EBA3C193212A663F000F0D82 /* icon_4_1@3x.png */ = {isa = PBXFileReference; lastKnownFileType = image.png; path = "icon_4_1@3x.png"; sourceTree = "<group>"; };
		EBA3C194212A663F000F0D82 /* icon_3_1@3x.png */ = {isa = PBXFileReference; lastKnownFileType = image.png; path = "icon_3_1@3x.png"; sourceTree = "<group>"; };
		EBA3C195212A663F000F0D82 /* icon_5_1@2x.png */ = {isa = PBXFileReference; lastKnownFileType = image.png; path = "icon_5_1@2x.png"; sourceTree = "<group>"; };
		EBA3C196212A663F000F0D82 /* icon_5_2.png */ = {isa = PBXFileReference; lastKnownFileType = image.png; path = icon_5_2.png; sourceTree = "<group>"; };
		EBA3C197212A663F000F0D82 /* icon_4_1.png */ = {isa = PBXFileReference; lastKnownFileType = image.png; path = icon_4_1.png; sourceTree = "<group>"; };
		EBA3C198212A663F000F0D82 /* icon_9_2.png */ = {isa = PBXFileReference; lastKnownFileType = image.png; path = icon_9_2.png; sourceTree = "<group>"; };
		EBA3C199212A663F000F0D82 /* icon_1_1@3x.png */ = {isa = PBXFileReference; lastKnownFileType = image.png; path = "icon_1_1@3x.png"; sourceTree = "<group>"; };
		EBA3C19A212A663F000F0D82 /* icon_9_2@3x.png */ = {isa = PBXFileReference; lastKnownFileType = image.png; path = "icon_9_2@3x.png"; sourceTree = "<group>"; };
		EBA3C19B212A663F000F0D82 /* icon_4_1@2x.png */ = {isa = PBXFileReference; lastKnownFileType = image.png; path = "icon_4_1@2x.png"; sourceTree = "<group>"; };
		EBA3C19C212A6640000F0D82 /* icon_8_2@3x.png */ = {isa = PBXFileReference; lastKnownFileType = image.png; path = "icon_8_2@3x.png"; sourceTree = "<group>"; };
		EBA3C19D212A6640000F0D82 /* icon_5_1.png */ = {isa = PBXFileReference; lastKnownFileType = image.png; path = icon_5_1.png; sourceTree = "<group>"; };
		EBA3C1D5212AB50C000F0D82 /* PlusCollectionViewCell.swift */ = {isa = PBXFileReference; lastKnownFileType = sourcecode.swift; path = PlusCollectionViewCell.swift; sourceTree = "<group>"; };
		EBA3C1D6212AB50C000F0D82 /* PlusCollectionViewCell.xib */ = {isa = PBXFileReference; lastKnownFileType = file.xib; path = PlusCollectionViewCell.xib; sourceTree = "<group>"; };
		EBEDED772126CC90001759E9 /* ZYPhotoAlbumListViewController.swift */ = {isa = PBXFileReference; lastKnownFileType = sourcecode.swift; path = ZYPhotoAlbumListViewController.swift; sourceTree = "<group>"; };
		EBEDED792126CD79001759E9 /* WQPhotoAlbumViewController.swift */ = {isa = PBXFileReference; lastKnownFileType = sourcecode.swift; path = WQPhotoAlbumViewController.swift; sourceTree = "<group>"; };
		EBEDED7B2126CE3C001759E9 /* ZYPhotoClipViewController.swift */ = {isa = PBXFileReference; lastKnownFileType = sourcecode.swift; path = ZYPhotoClipViewController.swift; sourceTree = "<group>"; };
		EBEDED7D2126CE4F001759E9 /* ZYPhotoPreviewDeleteViewController.swift */ = {isa = PBXFileReference; lastKnownFileType = sourcecode.swift; path = ZYPhotoPreviewDeleteViewController.swift; sourceTree = "<group>"; };
		EBEDED812126CE8C001759E9 /* ZYPhotoPreviewViewController.swift */ = {isa = PBXFileReference; lastKnownFileType = sourcecode.swift; path = ZYPhotoPreviewViewController.swift; sourceTree = "<group>"; };
/* End PBXFileReference section */

/* Begin PBXFrameworksBuildPhase section */
		EB7E97362126BE9600EE9EBB /* Frameworks */ = {
			isa = PBXFrameworksBuildPhase;
			buildActionMask = 2147483647;
			files = (
			);
			runOnlyForDeploymentPostprocessing = 0;
		};
		EB7E974A2126BE9700EE9EBB /* Frameworks */ = {
			isa = PBXFrameworksBuildPhase;
			buildActionMask = 2147483647;
			files = (
			);
			runOnlyForDeploymentPostprocessing = 0;
		};
		EB7E97552126BE9700EE9EBB /* Frameworks */ = {
			isa = PBXFrameworksBuildPhase;
			buildActionMask = 2147483647;
			files = (
			);
			runOnlyForDeploymentPostprocessing = 0;
		};
/* End PBXFrameworksBuildPhase section */

/* Begin PBXGroup section */
		EB7E97302126BE9600EE9EBB = {
			isa = PBXGroup;
			children = (
				EB7E973B2126BE9600EE9EBB /* ZYImagePickerAndBrower */,
				EB7E97502126BE9700EE9EBB /* ZYImagePickerAndBrowerTests */,
				EB7E975B2126BE9700EE9EBB /* ZYImagePickerAndBrowerUITests */,
				EB7E973A2126BE9600EE9EBB /* Products */,
			);
			sourceTree = "<group>";
		};
		EB7E973A2126BE9600EE9EBB /* Products */ = {
			isa = PBXGroup;
			children = (
				EB7E97392126BE9600EE9EBB /* ZYImagePickerAndBrower.app */,
				EB7E974D2126BE9700EE9EBB /* ZYImagePickerAndBrowerTests.xctest */,
				EB7E97582126BE9700EE9EBB /* ZYImagePickerAndBrowerUITests.xctest */,
			);
			name = Products;
			sourceTree = "<group>";
		};
		EB7E973B2126BE9600EE9EBB /* ZYImagePickerAndBrower */ = {
			isa = PBXGroup;
			children = (
				EBA3C14E212A4783000F0D82 /* ZYImagePickerLayoutView */,
				EB7E976A2126BE9D00EE9EBB /* ZYImagePickerAndBrowerKit */,
				EB7E973C2126BE9600EE9EBB /* AppDelegate.swift */,
				EB7E973E2126BE9600EE9EBB /* ViewController.swift */,
				EB7E97402126BE9600EE9EBB /* Main.storyboard */,
				EB7E97432126BE9700EE9EBB /* Assets.xcassets */,
				EB7E97452126BE9700EE9EBB /* LaunchScreen.storyboard */,
				EB7E97482126BE9700EE9EBB /* Info.plist */,
			);
			path = ZYImagePickerAndBrower;
			sourceTree = "<group>";
		};
		EB7E97502126BE9700EE9EBB /* ZYImagePickerAndBrowerTests */ = {
			isa = PBXGroup;
			children = (
				EB7E97512126BE9700EE9EBB /* ZYImagePickerAndBrowerTests.swift */,
				EB7E97532126BE9700EE9EBB /* Info.plist */,
			);
			path = ZYImagePickerAndBrowerTests;
			sourceTree = "<group>";
		};
		EB7E975B2126BE9700EE9EBB /* ZYImagePickerAndBrowerUITests */ = {
			isa = PBXGroup;
			children = (
				EB7E975C2126BE9700EE9EBB /* ZYImagePickerAndBrowerUITests.swift */,
				EB7E975E2126BE9700EE9EBB /* Info.plist */,
			);
			path = ZYImagePickerAndBrowerUITests;
			sourceTree = "<group>";
		};
		EB7E976A2126BE9D00EE9EBB /* ZYImagePickerAndBrowerKit */ = {
			isa = PBXGroup;
			children = (
				EB7E97852126C24800EE9EBB /* Config.swift */,
				EB7E97812126BFFB00EE9EBB /* Tools */,
				EB7E976F2126BFC200EE9EBB /* Resource */,
				EB7E978F2126C63400EE9EBB /* Controller */,
				EB7E97802126BFDE00EE9EBB /* View */,
				EB7E976B2126BEC900EE9EBB /* Model */,
			);
			path = ZYImagePickerAndBrowerKit;
			sourceTree = "<group>";
		};
		EB7E976B2126BEC900EE9EBB /* Model */ = {
			isa = PBXGroup;
			children = (
				EB7E976C2126BF3700EE9EBB /* ZYPhotoDataSource.swift */,
			);
			path = Model;
			sourceTree = "<group>";
		};
		EB7E976F2126BFC200EE9EBB /* Resource */ = {
			isa = PBXGroup;
			children = (
				EBA3C16B212A663B000F0D82 /* icon_1_1.png */,
				EBA3C169212A663A000F0D82 /* icon_1_1@2x.png */,
				EBA3C199212A663F000F0D82 /* icon_1_1@3x.png */,
				EBA3C175212A663B000F0D82 /* icon_1_2.png */,
				EBA3C18B212A663E000F0D82 /* icon_1_2@2x.png */,
				EBA3C17C212A663C000F0D82 /* icon_1_2@3x.png */,
				EBA3C16F212A663B000F0D82 /* icon_2_1.png */,
				EBA3C186212A663E000F0D82 /* icon_2_1@2x.png */,
				EBA3C189212A663E000F0D82 /* icon_2_1@3x.png */,
				EBA3C18F212A663E000F0D82 /* icon_2_2.png */,
				EBA3C190212A663F000F0D82 /* icon_2_2@2x.png */,
				EBA3C185212A663E000F0D82 /* icon_2_2@3x.png */,
				EBA3C18D212A663E000F0D82 /* icon_3_1.png */,
				EBA3C174212A663B000F0D82 /* icon_3_1@2x.png */,
				EBA3C194212A663F000F0D82 /* icon_3_1@3x.png */,
				EBA3C18E212A663E000F0D82 /* icon_3_2.png */,
				EBA3C18A212A663E000F0D82 /* icon_3_2@2x.png */,
				EBA3C172212A663B000F0D82 /* icon_3_2@3x.png */,
				EBA3C197212A663F000F0D82 /* icon_4_1.png */,
				EBA3C19B212A663F000F0D82 /* icon_4_1@2x.png */,
				EBA3C193212A663F000F0D82 /* icon_4_1@3x.png */,
				EBA3C192212A663F000F0D82 /* icon_4_2.png */,
				EBA3C168212A663A000F0D82 /* icon_4_2@2x.png */,
				EBA3C181212A663D000F0D82 /* icon_4_2@3x.png */,
				EBA3C19D212A6640000F0D82 /* icon_5_1.png */,
				EBA3C195212A663F000F0D82 /* icon_5_1@2x.png */,
				EBA3C173212A663B000F0D82 /* icon_5_1@3x.png */,
				EBA3C196212A663F000F0D82 /* icon_5_2.png */,
				EBA3C187212A663E000F0D82 /* icon_5_2@2x.png */,
				EBA3C183212A663D000F0D82 /* icon_5_2@3x.png */,
				EBA3C17D212A663D000F0D82 /* icon_6_1.png */,
				EBA3C179212A663C000F0D82 /* icon_6_1@2x.png */,
				EBA3C17A212A663C000F0D82 /* icon_6_1@3x.png */,
				EBA3C16D212A663B000F0D82 /* icon_6_2.png */,
				EBA3C182212A663D000F0D82 /* icon_6_2@2x.png */,
				EBA3C170212A663B000F0D82 /* icon_6_2@3x.png */,
				EBA3C17E212A663D000F0D82 /* icon_7_1.png */,
				EBA3C184212A663E000F0D82 /* icon_7_1@2x.png */,
				EBA3C16A212A663A000F0D82 /* icon_7_1@3x.png */,
				EBA3C188212A663E000F0D82 /* icon_7_2.png */,
				EBA3C191212A663F000F0D82 /* icon_7_2@2x.png */,
				EBA3C16E212A663B000F0D82 /* icon_7_2@3x.png */,
				EBA3C180212A663D000F0D82 /* icon_8_1.png */,
				EBA3C171212A663B000F0D82 /* icon_8_1@2x.png */,
				EBA3C17F212A663D000F0D82 /* icon_8_1@3x.png */,
				EBA3C18C212A663E000F0D82 /* icon_8_2.png */,
				EBA3C178212A663C000F0D82 /* icon_8_2@2x.png */,
				EBA3C19C212A6640000F0D82 /* icon_8_2@3x.png */,
				EBA3C16C212A663B000F0D82 /* icon_9_1.png */,
				EBA3C176212A663C000F0D82 /* icon_9_1@2x.png */,
				EBA3C17B212A663C000F0D82 /* icon_9_1@3x.png */,
				EBA3C198212A663F000F0D82 /* icon_9_2.png */,
				EBA3C177212A663C000F0D82 /* icon_9_2@2x.png */,
				EBA3C19A212A663F000F0D82 /* icon_9_2@3x.png */,
				EBA3C15B212A660D000F0D82 /* icon_add_nor.png */,
				EBA3C156212A660C000F0D82 /* icon_add_nor@2x.png */,
				EBA3C15A212A660D000F0D82 /* icon_add_nor@3x.png */,
				EBA3C15E212A660D000F0D82 /* icon_add_sel.png */,
				EBA3C159212A660D000F0D82 /* icon_add_sel@2x.png */,
				EBA3C15C212A660D000F0D82 /* icon_add_sel@3x.png */,
				EBA3C15D212A660D000F0D82 /* icon_delete.png */,
				EBA3C158212A660D000F0D82 /* icon_delete@2x.png */,
				EBA3C157212A660D000F0D82 /* icon_delete@3x.png */,
				EB7E97772126BFD800EE9EBB /* album_photo_delete@2x.png */,
				EB7E97732126BFD800EE9EBB /* album_photo_delete@3x.png */,
				EB7E97722126BFD800EE9EBB /* album_select_blue@2x.png */,
				EB7E97752126BFD800EE9EBB /* album_select_blue@3x.png */,
				EB7E97742126BFD800EE9EBB /* album_select_gray@2x.png */,
				EB7E97762126BFD800EE9EBB /* album_select_gray@3x.png */,
				EB7E97702126BFD800EE9EBB /* icon_back_white@2x.png */,
				EB7E97712126BFD800EE9EBB /* icon_back_white@3x.png */,
			);
			path = Resource;
			sourceTree = "<group>";
		};
		EB7E97802126BFDE00EE9EBB /* View */ = {
			isa = PBXGroup;
			children = (
				EB7E97892126C49800EE9EBB /* ZYPhotoCollectionViewCell.swift */,
				EB7E978B2126C53300EE9EBB /* ZYPreviewCollectionViewCell.swift */,
				EB7E978D2126C59F00EE9EBB /* ZYProgressView.swift */,
			);
			path = View;
			sourceTree = "<group>";
		};
		EB7E97812126BFFB00EE9EBB /* Tools */ = {
			isa = PBXGroup;
			children = (
				EB7E97822126C1B300EE9EBB /* ZYCachingImageManager.swift */,
				EB7E97872126C3CB00EE9EBB /* ZYExtension.swift */,
			);
			path = Tools;
			sourceTree = "<group>";
		};
		EB7E978F2126C63400EE9EBB /* Controller */ = {
			isa = PBXGroup;
			children = (
				EB7E97942126C79D00EE9EBB /* Navigation */,
				EB7E97932126C78D00EE9EBB /* Album */,
				EB7E97922126C78100EE9EBB /* Preview */,
				EB7E97902126C6A800EE9EBB /* ZYBaseViewController.swift */,
			);
			path = Controller;
			sourceTree = "<group>";
		};
		EB7E97922126C78100EE9EBB /* Preview */ = {
			isa = PBXGroup;
			children = (
				EBEDED7B2126CE3C001759E9 /* ZYPhotoClipViewController.swift */,
				EBEDED7D2126CE4F001759E9 /* ZYPhotoPreviewDeleteViewController.swift */,
				EBEDED812126CE8C001759E9 /* ZYPhotoPreviewViewController.swift */,
			);
			path = Preview;
			sourceTree = "<group>";
		};
		EB7E97932126C78D00EE9EBB /* Album */ = {
			isa = PBXGroup;
			children = (
				EBEDED772126CC90001759E9 /* ZYPhotoAlbumListViewController.swift */,
				EBEDED792126CD79001759E9 /* WQPhotoAlbumViewController.swift */,
			);
			path = Album;
			sourceTree = "<group>";
		};
		EB7E97942126C79D00EE9EBB /* Navigation */ = {
			isa = PBXGroup;
			children = (
				EB7E97952126C83000EE9EBB /* ZYPhotoNavigationViewController.swift */,
			);
			path = Navigation;
			sourceTree = "<group>";
		};
		EBA3C14E212A4783000F0D82 /* ZYImagePickerLayoutView */ = {
			isa = PBXGroup;
			children = (
				EBA3C14F212A4803000F0D82 /* ZYImagePickerLayoutView.swift */,
				EBA3C151212A64A8000F0D82 /* Cell */,
			);
			path = ZYImagePickerLayoutView;
			sourceTree = "<group>";
		};
		EBA3C151212A64A8000F0D82 /* Cell */ = {
			isa = PBXGroup;
			children = (
				EBA3C152212A64D1000F0D82 /* ImagePickerLayoutCollectionViewCell.swift */,
				EBA3C153212A64D1000F0D82 /* ImagePickerLayoutCollectionViewCell.xib */,
				EBA3C1D5212AB50C000F0D82 /* PlusCollectionViewCell.swift */,
				EBA3C1D6212AB50C000F0D82 /* PlusCollectionViewCell.xib */,
			);
			path = Cell;
			sourceTree = "<group>";
		};
/* End PBXGroup section */

/* Begin PBXNativeTarget section */
		EB7E97382126BE9600EE9EBB /* ZYImagePickerAndBrower */ = {
			isa = PBXNativeTarget;
			buildConfigurationList = EB7E97612126BE9700EE9EBB /* Build configuration list for PBXNativeTarget "ZYImagePickerAndBrower" */;
			buildPhases = (
				EB7E97352126BE9600EE9EBB /* Sources */,
				EB7E97362126BE9600EE9EBB /* Frameworks */,
				EB7E97372126BE9600EE9EBB /* Resources */,
			);
			buildRules = (
			);
			dependencies = (
			);
			name = ZYImagePickerAndBrower;
			productName = ZYImagePickerAndBrower;
			productReference = EB7E97392126BE9600EE9EBB /* ZYImagePickerAndBrower.app */;
			productType = "com.apple.product-type.application";
		};
		EB7E974C2126BE9700EE9EBB /* ZYImagePickerAndBrowerTests */ = {
			isa = PBXNativeTarget;
			buildConfigurationList = EB7E97642126BE9700EE9EBB /* Build configuration list for PBXNativeTarget "ZYImagePickerAndBrowerTests" */;
			buildPhases = (
				EB7E97492126BE9700EE9EBB /* Sources */,
				EB7E974A2126BE9700EE9EBB /* Frameworks */,
				EB7E974B2126BE9700EE9EBB /* Resources */,
			);
			buildRules = (
			);
			dependencies = (
				EB7E974F2126BE9700EE9EBB /* PBXTargetDependency */,
			);
			name = ZYImagePickerAndBrowerTests;
			productName = ZYImagePickerAndBrowerTests;
			productReference = EB7E974D2126BE9700EE9EBB /* ZYImagePickerAndBrowerTests.xctest */;
			productType = "com.apple.product-type.bundle.unit-test";
		};
		EB7E97572126BE9700EE9EBB /* ZYImagePickerAndBrowerUITests */ = {
			isa = PBXNativeTarget;
			buildConfigurationList = EB7E97672126BE9700EE9EBB /* Build configuration list for PBXNativeTarget "ZYImagePickerAndBrowerUITests" */;
			buildPhases = (
				EB7E97542126BE9700EE9EBB /* Sources */,
				EB7E97552126BE9700EE9EBB /* Frameworks */,
				EB7E97562126BE9700EE9EBB /* Resources */,
			);
			buildRules = (
			);
			dependencies = (
				EB7E975A2126BE9700EE9EBB /* PBXTargetDependency */,
			);
			name = ZYImagePickerAndBrowerUITests;
			productName = ZYImagePickerAndBrowerUITests;
			productReference = EB7E97582126BE9700EE9EBB /* ZYImagePickerAndBrowerUITests.xctest */;
			productType = "com.apple.product-type.bundle.ui-testing";
		};
/* End PBXNativeTarget section */

/* Begin PBXProject section */
		EB7E97312126BE9600EE9EBB /* Project object */ = {
			isa = PBXProject;
			attributes = {
				LastSwiftUpdateCheck = 0940;
				LastUpgradeCheck = 0940;
				ORGANIZATIONNAME = ZY;
				TargetAttributes = {
					EB7E97382126BE9600EE9EBB = {
						CreatedOnToolsVersion = 9.4.1;
					};
					EB7E974C2126BE9700EE9EBB = {
						CreatedOnToolsVersion = 9.4.1;
						TestTargetID = EB7E97382126BE9600EE9EBB;
					};
					EB7E97572126BE9700EE9EBB = {
						CreatedOnToolsVersion = 9.4.1;
						TestTargetID = EB7E97382126BE9600EE9EBB;
					};
				};
			};
			buildConfigurationList = EB7E97342126BE9600EE9EBB /* Build configuration list for PBXProject "ZYImagePickerAndBrower" */;
			compatibilityVersion = "Xcode 9.3";
			developmentRegion = en;
			hasScannedForEncodings = 0;
			knownRegions = (
				en,
				Base,
			);
			mainGroup = EB7E97302126BE9600EE9EBB;
			productRefGroup = EB7E973A2126BE9600EE9EBB /* Products */;
			projectDirPath = "";
			projectRoot = "";
			targets = (
				EB7E97382126BE9600EE9EBB /* ZYImagePickerAndBrower */,
				EB7E974C2126BE9700EE9EBB /* ZYImagePickerAndBrowerTests */,
				EB7E97572126BE9700EE9EBB /* ZYImagePickerAndBrowerUITests */,
			);
		};
/* End PBXProject section */

/* Begin PBXResourcesBuildPhase section */
		EB7E97372126BE9600EE9EBB /* Resources */ = {
			isa = PBXResourcesBuildPhase;
			buildActionMask = 2147483647;
			files = (
				EBA3C1CA212A6640000F0D82 /* icon_3_1@3x.png in Resources */,
				EBA3C1CF212A6640000F0D82 /* icon_1_1@3x.png in Resources */,
				EBA3C1CD212A6640000F0D82 /* icon_4_1.png in Resources */,
				EBA3C1C0212A6640000F0D82 /* icon_3_2@2x.png in Resources */,
				EBA3C1BB212A6640000F0D82 /* icon_2_2@3x.png in Resources */,
				EBA3C1BD212A6640000F0D82 /* icon_5_2@2x.png in Resources */,
				EBA3C1AD212A6640000F0D82 /* icon_9_2@2x.png in Resources */,
				EBA3C1CC212A6640000F0D82 /* icon_5_2.png in Resources */,
				EBA3C1B3212A6640000F0D82 /* icon_6_1.png in Resources */,
				EBA3C1A2212A6640000F0D82 /* icon_9_1.png in Resources */,
				EBA3C1AF212A6640000F0D82 /* icon_6_1@2x.png in Resources */,
				EBA3C1AC212A6640000F0D82 /* icon_9_1@2x.png in Resources */,
				EBA3C163212A660D000F0D82 /* icon_add_nor@3x.png in Resources */,
				EBA3C1B2212A6640000F0D82 /* icon_1_2@3x.png in Resources */,
				EBA3C19E212A6640000F0D82 /* icon_4_2@2x.png in Resources */,
				EBA3C1C9212A6640000F0D82 /* icon_4_1@3x.png in Resources */,
				EBA3C1D3212A6640000F0D82 /* icon_5_1.png in Resources */,
				EB7E977D2126BFD800EE9EBB /* album_select_blue@3x.png in Resources */,
				EBA3C1C8212A6640000F0D82 /* icon_4_2.png in Resources */,
				EBA3C1BA212A6640000F0D82 /* icon_7_1@2x.png in Resources */,
				EB7E977A2126BFD800EE9EBB /* album_select_blue@2x.png in Resources */,
				EBA3C1D2212A6640000F0D82 /* icon_8_2@3x.png in Resources */,
				EBA3C1A5212A6640000F0D82 /* icon_2_1.png in Resources */,
				EB7E977F2126BFD800EE9EBB /* album_photo_delete@2x.png in Resources */,
				EBA3C1CE212A6640000F0D82 /* icon_9_2.png in Resources */,
				EBA3C1D0212A6640000F0D82 /* icon_9_2@3x.png in Resources */,
				EB7E977E2126BFD800EE9EBB /* album_select_gray@3x.png in Resources */,
				EBA3C1A1212A6640000F0D82 /* icon_1_1.png in Resources */,
				EBA3C166212A660D000F0D82 /* icon_delete.png in Resources */,
				EBA3C165212A660D000F0D82 /* icon_add_sel@3x.png in Resources */,
				EBA3C1A3212A6640000F0D82 /* icon_6_2.png in Resources */,
				EBA3C1A6212A6640000F0D82 /* icon_6_2@3x.png in Resources */,
				EBA3C1B4212A6640000F0D82 /* icon_7_1.png in Resources */,
				EBA3C1AA212A6640000F0D82 /* icon_3_1@2x.png in Resources */,
				EBA3C162212A660D000F0D82 /* icon_add_sel@2x.png in Resources */,
				EBA3C1B6212A6640000F0D82 /* icon_8_1.png in Resources */,
				EBA3C1B7212A6640000F0D82 /* icon_4_2@3x.png in Resources */,
				EBA3C1B5212A6640000F0D82 /* icon_8_1@3x.png in Resources */,
				EBA3C1C5212A6640000F0D82 /* icon_2_2.png in Resources */,
				EBA3C167212A660D000F0D82 /* icon_add_sel.png in Resources */,
				EBA3C1B0212A6640000F0D82 /* icon_6_1@3x.png in Resources */,
				EBA3C1C6212A6640000F0D82 /* icon_2_2@2x.png in Resources */,
				EBA3C1B9212A6640000F0D82 /* icon_5_2@3x.png in Resources */,
				EBA3C1D1212A6640000F0D82 /* icon_4_1@2x.png in Resources */,
				EBA3C1C4212A6640000F0D82 /* icon_3_2.png in Resources */,
				EBA3C1AB212A6640000F0D82 /* icon_1_2.png in Resources */,
				EBA3C1B8212A6640000F0D82 /* icon_6_2@2x.png in Resources */,
				EB7E97792126BFD800EE9EBB /* icon_back_white@3x.png in Resources */,
				EBA3C1A9212A6640000F0D82 /* icon_5_1@3x.png in Resources */,
				EBA3C1B1212A6640000F0D82 /* icon_9_1@3x.png in Resources */,
				EBA3C1C2212A6640000F0D82 /* icon_8_2.png in Resources */,
				EB7E97782126BFD800EE9EBB /* icon_back_white@2x.png in Resources */,
				EBA3C164212A660D000F0D82 /* icon_add_nor.png in Resources */,
				EBA3C1BE212A6640000F0D82 /* icon_7_2.png in Resources */,
				EB7E97472126BE9700EE9EBB /* LaunchScreen.storyboard in Resources */,
				EBA3C1BF212A6640000F0D82 /* icon_2_1@3x.png in Resources */,
				EBA3C15F212A660D000F0D82 /* icon_add_nor@2x.png in Resources */,
				EBA3C1C3212A6640000F0D82 /* icon_3_1.png in Resources */,
				EBA3C1D8212AB50C000F0D82 /* PlusCollectionViewCell.xib in Resources */,
				EB7E97442126BE9700EE9EBB /* Assets.xcassets in Resources */,
				EBA3C160212A660D000F0D82 /* icon_delete@3x.png in Resources */,
				EB7E97422126BE9600EE9EBB /* Main.storyboard in Resources */,
				EBA3C19F212A6640000F0D82 /* icon_1_1@2x.png in Resources */,
				EBA3C1BC212A6640000F0D82 /* icon_2_1@2x.png in Resources */,
				EB7E977B2126BFD800EE9EBB /* album_photo_delete@3x.png in Resources */,
				EBA3C1CB212A6640000F0D82 /* icon_5_1@2x.png in Resources */,
				EBA3C1A8212A6640000F0D82 /* icon_3_2@3x.png in Resources */,
				EBA3C1C7212A6640000F0D82 /* icon_7_2@2x.png in Resources */,
				EBA3C1A0212A6640000F0D82 /* icon_7_1@3x.png in Resources */,
				EBA3C155212A64D1000F0D82 /* ImagePickerLayoutCollectionViewCell.xib in Resources */,
				EBA3C1A4212A6640000F0D82 /* icon_7_2@3x.png in Resources */,
				EBA3C1A7212A6640000F0D82 /* icon_8_1@2x.png in Resources */,
				EB7E977C2126BFD800EE9EBB /* album_select_gray@2x.png in Resources */,
				EBA3C161212A660D000F0D82 /* icon_delete@2x.png in Resources */,
				EBA3C1AE212A6640000F0D82 /* icon_8_2@2x.png in Resources */,
				EBA3C1C1212A6640000F0D82 /* icon_1_2@2x.png in Resources */,
			);
			runOnlyForDeploymentPostprocessing = 0;
		};
		EB7E974B2126BE9700EE9EBB /* Resources */ = {
			isa = PBXResourcesBuildPhase;
			buildActionMask = 2147483647;
			files = (
			);
			runOnlyForDeploymentPostprocessing = 0;
		};
		EB7E97562126BE9700EE9EBB /* Resources */ = {
			isa = PBXResourcesBuildPhase;
			buildActionMask = 2147483647;
			files = (
			);
			runOnlyForDeploymentPostprocessing = 0;
		};
/* End PBXResourcesBuildPhase section */

/* Begin PBXSourcesBuildPhase section */
		EB7E97352126BE9600EE9EBB /* Sources */ = {
			isa = PBXSourcesBuildPhase;
			buildActionMask = 2147483647;
			files = (
				EBA3C154212A64D1000F0D82 /* ImagePickerLayoutCollectionViewCell.swift in Sources */,
				EB7E97912126C6A800EE9EBB /* ZYBaseViewController.swift in Sources */,
				EBA3C150212A4803000F0D82 /* ZYImagePickerLayoutView.swift in Sources */,
				EB7E978E2126C59F00EE9EBB /* ZYProgressView.swift in Sources */,
				EB7E978C2126C53300EE9EBB /* ZYPreviewCollectionViewCell.swift in Sources */,
				EB7E97882126C3CB00EE9EBB /* ZYExtension.swift in Sources */,
				EB7E97832126C1B300EE9EBB /* ZYCachingImageManager.swift in Sources */,
				EB7E973F2126BE9600EE9EBB /* ViewController.swift in Sources */,
				EB7E97962126C83000EE9EBB /* ZYPhotoNavigationViewController.swift in Sources */,
				EBEDED822126CE8C001759E9 /* ZYPhotoPreviewViewController.swift in Sources */,
				EB7E97862126C24800EE9EBB /* Config.swift in Sources */,
				EBEDED782126CC90001759E9 /* ZYPhotoAlbumListViewController.swift in Sources */,
				EB7E978A2126C49800EE9EBB /* ZYPhotoCollectionViewCell.swift in Sources */,
				EBEDED7C2126CE3C001759E9 /* ZYPhotoClipViewController.swift in Sources */,
				EB7E973D2126BE9600EE9EBB /* AppDelegate.swift in Sources */,
				EBA3C1D7212AB50C000F0D82 /* PlusCollectionViewCell.swift in Sources */,
				EBEDED7E2126CE4F001759E9 /* ZYPhotoPreviewDeleteViewController.swift in Sources */,
				EBEDED7A2126CD79001759E9 /* WQPhotoAlbumViewController.swift in Sources */,
				EB7E976D2126BF3700EE9EBB /* ZYPhotoDataSource.swift in Sources */,
			);
			runOnlyForDeploymentPostprocessing = 0;
		};
		EB7E97492126BE9700EE9EBB /* Sources */ = {
			isa = PBXSourcesBuildPhase;
			buildActionMask = 2147483647;
			files = (
				EB7E97522126BE9700EE9EBB /* ZYImagePickerAndBrowerTests.swift in Sources */,
			);
			runOnlyForDeploymentPostprocessing = 0;
		};
		EB7E97542126BE9700EE9EBB /* Sources */ = {
			isa = PBXSourcesBuildPhase;
			buildActionMask = 2147483647;
			files = (
				EB7E975D2126BE9700EE9EBB /* ZYImagePickerAndBrowerUITests.swift in Sources */,
			);
			runOnlyForDeploymentPostprocessing = 0;
		};
/* End PBXSourcesBuildPhase section */

/* Begin PBXTargetDependency section */
		EB7E974F2126BE9700EE9EBB /* PBXTargetDependency */ = {
			isa = PBXTargetDependency;
			target = EB7E97382126BE9600EE9EBB /* ZYImagePickerAndBrower */;
			targetProxy = EB7E974E2126BE9700EE9EBB /* PBXContainerItemProxy */;
		};
		EB7E975A2126BE9700EE9EBB /* PBXTargetDependency */ = {
			isa = PBXTargetDependency;
			target = EB7E97382126BE9600EE9EBB /* ZYImagePickerAndBrower */;
			targetProxy = EB7E97592126BE9700EE9EBB /* PBXContainerItemProxy */;
		};
/* End PBXTargetDependency section */

/* Begin PBXVariantGroup section */
		EB7E97402126BE9600EE9EBB /* Main.storyboard */ = {
			isa = PBXVariantGroup;
			children = (
				EB7E97412126BE9600EE9EBB /* Base */,
			);
			name = Main.storyboard;
			sourceTree = "<group>";
		};
		EB7E97452126BE9700EE9EBB /* LaunchScreen.storyboard */ = {
			isa = PBXVariantGroup;
			children = (
				EB7E97462126BE9700EE9EBB /* Base */,
			);
			name = LaunchScreen.storyboard;
			sourceTree = "<group>";
		};
/* End PBXVariantGroup section */

/* Begin XCBuildConfiguration section */
		EB7E975F2126BE9700EE9EBB /* Debug */ = {
			isa = XCBuildConfiguration;
			buildSettings = {
				ALWAYS_SEARCH_USER_PATHS = NO;
				CLANG_ANALYZER_NONNULL = YES;
				CLANG_ANALYZER_NUMBER_OBJECT_CONVERSION = YES_AGGRESSIVE;
				CLANG_CXX_LANGUAGE_STANDARD = "gnu++14";
				CLANG_CXX_LIBRARY = "libc++";
				CLANG_ENABLE_MODULES = YES;
				CLANG_ENABLE_OBJC_ARC = YES;
				CLANG_ENABLE_OBJC_WEAK = YES;
				CLANG_WARN_BLOCK_CAPTURE_AUTORELEASING = YES;
				CLANG_WARN_BOOL_CONVERSION = YES;
				CLANG_WARN_COMMA = YES;
				CLANG_WARN_CONSTANT_CONVERSION = YES;
				CLANG_WARN_DEPRECATED_OBJC_IMPLEMENTATIONS = YES;
				CLANG_WARN_DIRECT_OBJC_ISA_USAGE = YES_ERROR;
				CLANG_WARN_DOCUMENTATION_COMMENTS = YES;
				CLANG_WARN_EMPTY_BODY = YES;
				CLANG_WARN_ENUM_CONVERSION = YES;
				CLANG_WARN_INFINITE_RECURSION = YES;
				CLANG_WARN_INT_CONVERSION = YES;
				CLANG_WARN_NON_LITERAL_NULL_CONVERSION = YES;
				CLANG_WARN_OBJC_IMPLICIT_RETAIN_SELF = YES;
				CLANG_WARN_OBJC_LITERAL_CONVERSION = YES;
				CLANG_WARN_OBJC_ROOT_CLASS = YES_ERROR;
				CLANG_WARN_RANGE_LOOP_ANALYSIS = YES;
				CLANG_WARN_STRICT_PROTOTYPES = YES;
				CLANG_WARN_SUSPICIOUS_MOVE = YES;
				CLANG_WARN_UNGUARDED_AVAILABILITY = YES_AGGRESSIVE;
				CLANG_WARN_UNREACHABLE_CODE = YES;
				CLANG_WARN__DUPLICATE_METHOD_MATCH = YES;
				CODE_SIGN_IDENTITY = "iPhone Developer";
				COPY_PHASE_STRIP = NO;
				DEBUG_INFORMATION_FORMAT = dwarf;
				ENABLE_STRICT_OBJC_MSGSEND = YES;
				ENABLE_TESTABILITY = YES;
				GCC_C_LANGUAGE_STANDARD = gnu11;
				GCC_DYNAMIC_NO_PIC = NO;
				GCC_NO_COMMON_BLOCKS = YES;
				GCC_OPTIMIZATION_LEVEL = 0;
				GCC_PREPROCESSOR_DEFINITIONS = (
					"DEBUG=1",
					"$(inherited)",
				);
				GCC_WARN_64_TO_32_BIT_CONVERSION = YES;
				GCC_WARN_ABOUT_RETURN_TYPE = YES_ERROR;
				GCC_WARN_UNDECLARED_SELECTOR = YES;
				GCC_WARN_UNINITIALIZED_AUTOS = YES_AGGRESSIVE;
				GCC_WARN_UNUSED_FUNCTION = YES;
				GCC_WARN_UNUSED_VARIABLE = YES;
				IPHONEOS_DEPLOYMENT_TARGET = 11.4;
				MTL_ENABLE_DEBUG_INFO = YES;
				ONLY_ACTIVE_ARCH = YES;
				SDKROOT = iphoneos;
				SWIFT_ACTIVE_COMPILATION_CONDITIONS = DEBUG;
				SWIFT_OPTIMIZATION_LEVEL = "-Onone";
			};
			name = Debug;
		};
		EB7E97602126BE9700EE9EBB /* Release */ = {
			isa = XCBuildConfiguration;
			buildSettings = {
				ALWAYS_SEARCH_USER_PATHS = NO;
				CLANG_ANALYZER_NONNULL = YES;
				CLANG_ANALYZER_NUMBER_OBJECT_CONVERSION = YES_AGGRESSIVE;
				CLANG_CXX_LANGUAGE_STANDARD = "gnu++14";
				CLANG_CXX_LIBRARY = "libc++";
				CLANG_ENABLE_MODULES = YES;
				CLANG_ENABLE_OBJC_ARC = YES;
				CLANG_ENABLE_OBJC_WEAK = YES;
				CLANG_WARN_BLOCK_CAPTURE_AUTORELEASING = YES;
				CLANG_WARN_BOOL_CONVERSION = YES;
				CLANG_WARN_COMMA = YES;
				CLANG_WARN_CONSTANT_CONVERSION = YES;
				CLANG_WARN_DEPRECATED_OBJC_IMPLEMENTATIONS = YES;
				CLANG_WARN_DIRECT_OBJC_ISA_USAGE = YES_ERROR;
				CLANG_WARN_DOCUMENTATION_COMMENTS = YES;
				CLANG_WARN_EMPTY_BODY = YES;
				CLANG_WARN_ENUM_CONVERSION = YES;
				CLANG_WARN_INFINITE_RECURSION = YES;
				CLANG_WARN_INT_CONVERSION = YES;
				CLANG_WARN_NON_LITERAL_NULL_CONVERSION = YES;
				CLANG_WARN_OBJC_IMPLICIT_RETAIN_SELF = YES;
				CLANG_WARN_OBJC_LITERAL_CONVERSION = YES;
				CLANG_WARN_OBJC_ROOT_CLASS = YES_ERROR;
				CLANG_WARN_RANGE_LOOP_ANALYSIS = YES;
				CLANG_WARN_STRICT_PROTOTYPES = YES;
				CLANG_WARN_SUSPICIOUS_MOVE = YES;
				CLANG_WARN_UNGUARDED_AVAILABILITY = YES_AGGRESSIVE;
				CLANG_WARN_UNREACHABLE_CODE = YES;
				CLANG_WARN__DUPLICATE_METHOD_MATCH = YES;
				CODE_SIGN_IDENTITY = "iPhone Developer";
				COPY_PHASE_STRIP = NO;
				DEBUG_INFORMATION_FORMAT = "dwarf-with-dsym";
				ENABLE_NS_ASSERTIONS = NO;
				ENABLE_STRICT_OBJC_MSGSEND = YES;
				GCC_C_LANGUAGE_STANDARD = gnu11;
				GCC_NO_COMMON_BLOCKS = YES;
				GCC_WARN_64_TO_32_BIT_CONVERSION = YES;
				GCC_WARN_ABOUT_RETURN_TYPE = YES_ERROR;
				GCC_WARN_UNDECLARED_SELECTOR = YES;
				GCC_WARN_UNINITIALIZED_AUTOS = YES_AGGRESSIVE;
				GCC_WARN_UNUSED_FUNCTION = YES;
				GCC_WARN_UNUSED_VARIABLE = YES;
				IPHONEOS_DEPLOYMENT_TARGET = 11.4;
				MTL_ENABLE_DEBUG_INFO = NO;
				SDKROOT = iphoneos;
				SWIFT_COMPILATION_MODE = wholemodule;
				SWIFT_OPTIMIZATION_LEVEL = "-O";
				VALIDATE_PRODUCT = YES;
			};
			name = Release;
		};
		EB7E97622126BE9700EE9EBB /* Debug */ = {
			isa = XCBuildConfiguration;
			buildSettings = {
				ASSETCATALOG_COMPILER_APPICON_NAME = AppIcon;
				CODE_SIGN_STYLE = Automatic;
				INFOPLIST_FILE = ZYImagePickerAndBrower/Info.plist;
				IPHONEOS_DEPLOYMENT_TARGET = 9.0;
				LD_RUNPATH_SEARCH_PATHS = (
					"$(inherited)",
					"@executable_path/Frameworks",
				);
				PRODUCT_BUNDLE_IDENTIFIER = ZY.ZYImagePickerAndBrower;
				PRODUCT_NAME = "$(TARGET_NAME)";
				SWIFT_VERSION = 4.0;
				TARGETED_DEVICE_FAMILY = "1,2";
			};
			name = Debug;
		};
		EB7E97632126BE9700EE9EBB /* Release */ = {
			isa = XCBuildConfiguration;
			buildSettings = {
				ASSETCATALOG_COMPILER_APPICON_NAME = AppIcon;
				CODE_SIGN_STYLE = Automatic;
				INFOPLIST_FILE = ZYImagePickerAndBrower/Info.plist;
				IPHONEOS_DEPLOYMENT_TARGET = 9.0;
				LD_RUNPATH_SEARCH_PATHS = (
					"$(inherited)",
					"@executable_path/Frameworks",
				);
				PRODUCT_BUNDLE_IDENTIFIER = ZY.ZYImagePickerAndBrower;
				PRODUCT_NAME = "$(TARGET_NAME)";
				SWIFT_VERSION = 4.0;
				TARGETED_DEVICE_FAMILY = "1,2";
			};
			name = Release;
		};
		EB7E97652126BE9700EE9EBB /* Debug */ = {
			isa = XCBuildConfiguration;
			buildSettings = {
				ALWAYS_EMBED_SWIFT_STANDARD_LIBRARIES = YES;
				BUNDLE_LOADER = "$(TEST_HOST)";
				CODE_SIGN_STYLE = Automatic;
				INFOPLIST_FILE = ZYImagePickerAndBrowerTests/Info.plist;
				LD_RUNPATH_SEARCH_PATHS = (
					"$(inherited)",
					"@executable_path/Frameworks",
					"@loader_path/Frameworks",
				);
				PRODUCT_BUNDLE_IDENTIFIER = ZY.ZYImagePickerAndBrowerTests;
				PRODUCT_NAME = "$(TARGET_NAME)";
				SWIFT_VERSION = 4.0;
				TARGETED_DEVICE_FAMILY = "1,2";
				TEST_HOST = "$(BUILT_PRODUCTS_DIR)/ZYImagePickerAndBrower.app/ZYImagePickerAndBrower";
			};
			name = Debug;
		};
		EB7E97662126BE9700EE9EBB /* Release */ = {
			isa = XCBuildConfiguration;
			buildSettings = {
				ALWAYS_EMBED_SWIFT_STANDARD_LIBRARIES = YES;
				BUNDLE_LOADER = "$(TEST_HOST)";
				CODE_SIGN_STYLE = Automatic;
				INFOPLIST_FILE = ZYImagePickerAndBrowerTests/Info.plist;
				LD_RUNPATH_SEARCH_PATHS = (
					"$(inherited)",
					"@executable_path/Frameworks",
					"@loader_path/Frameworks",
				);
				PRODUCT_BUNDLE_IDENTIFIER = ZY.ZYImagePickerAndBrowerTests;
				PRODUCT_NAME = "$(TARGET_NAME)";
				SWIFT_VERSION = 4.0;
				TARGETED_DEVICE_FAMILY = "1,2";
				TEST_HOST = "$(BUILT_PRODUCTS_DIR)/ZYImagePickerAndBrower.app/ZYImagePickerAndBrower";
			};
			name = Release;
		};
		EB7E97682126BE9700EE9EBB /* Debug */ = {
			isa = XCBuildConfiguration;
			buildSettings = {
				ALWAYS_EMBED_SWIFT_STANDARD_LIBRARIES = YES;
				CODE_SIGN_STYLE = Automatic;
				INFOPLIST_FILE = ZYImagePickerAndBrowerUITests/Info.plist;
				LD_RUNPATH_SEARCH_PATHS = (
					"$(inherited)",
					"@executable_path/Frameworks",
					"@loader_path/Frameworks",
				);
				PRODUCT_BUNDLE_IDENTIFIER = ZY.ZYImagePickerAndBrowerUITests;
				PRODUCT_NAME = "$(TARGET_NAME)";
				SWIFT_VERSION = 4.0;
				TARGETED_DEVICE_FAMILY = "1,2";
				TEST_TARGET_NAME = ZYImagePickerAndBrower;
			};
			name = Debug;
		};
		EB7E97692126BE9700EE9EBB /* Release */ = {
			isa = XCBuildConfiguration;
			buildSettings = {
				ALWAYS_EMBED_SWIFT_STANDARD_LIBRARIES = YES;
				CODE_SIGN_STYLE = Automatic;
				INFOPLIST_FILE = ZYImagePickerAndBrowerUITests/Info.plist;
				LD_RUNPATH_SEARCH_PATHS = (
					"$(inherited)",
					"@executable_path/Frameworks",
					"@loader_path/Frameworks",
				);
				PRODUCT_BUNDLE_IDENTIFIER = ZY.ZYImagePickerAndBrowerUITests;
				PRODUCT_NAME = "$(TARGET_NAME)";
				SWIFT_VERSION = 4.0;
				TARGETED_DEVICE_FAMILY = "1,2";
				TEST_TARGET_NAME = ZYImagePickerAndBrower;
			};
			name = Release;
		};
/* End XCBuildConfiguration section */

/* Begin XCConfigurationList section */
		EB7E97342126BE9600EE9EBB /* Build configuration list for PBXProject "ZYImagePickerAndBrower" */ = {
			isa = XCConfigurationList;
			buildConfigurations = (
				EB7E975F2126BE9700EE9EBB /* Debug */,
				EB7E97602126BE9700EE9EBB /* Release */,
			);
			defaultConfigurationIsVisible = 0;
			defaultConfigurationName = Release;
		};
		EB7E97612126BE9700EE9EBB /* Build configuration list for PBXNativeTarget "ZYImagePickerAndBrower" */ = {
			isa = XCConfigurationList;
			buildConfigurations = (
				EB7E97622126BE9700EE9EBB /* Debug */,
				EB7E97632126BE9700EE9EBB /* Release */,
			);
			defaultConfigurationIsVisible = 0;
			defaultConfigurationName = Release;
		};
		EB7E97642126BE9700EE9EBB /* Build configuration list for PBXNativeTarget "ZYImagePickerAndBrowerTests" */ = {
			isa = XCConfigurationList;
			buildConfigurations = (
				EB7E97652126BE9700EE9EBB /* Debug */,
				EB7E97662126BE9700EE9EBB /* Release */,
			);
			defaultConfigurationIsVisible = 0;
			defaultConfigurationName = Release;
		};
		EB7E97672126BE9700EE9EBB /* Build configuration list for PBXNativeTarget "ZYImagePickerAndBrowerUITests" */ = {
			isa = XCConfigurationList;
			buildConfigurations = (
				EB7E97682126BE9700EE9EBB /* Debug */,
				EB7E97692126BE9700EE9EBB /* Release */,
			);
			defaultConfigurationIsVisible = 0;
			defaultConfigurationName = Release;
		};
/* End XCConfigurationList section */
	};
	rootObject = EB7E97312126BE9600EE9EBB /* Project object */;
}
